{
  "version": 4,
  "terraform_version": "1.14.3",
  "serial": 114,
  "lineage": "70a99a08-0ba2-e26a-df7c-487224aab509",
  "outputs": {
    "artifact_registry_url": {
      "value": "us-central1-docker.pkg.dev/kubernetes-gke-practice-488210/demo-app/demo-app",
      "type": "string"
    },
    "gke_cluster_name": {
      "value": "demo-cluster",
      "type": "string"
    },
    "gke_get_credentials_cmd": {
      "value": "gcloud container clusters get-credentials demo-cluster --region us-central1 --project kubernetes-gke-practice-488210",
      "type": "string"
    }
  },
  "resources": [
    {
      "mode": "data",
      "type": "google_project",
      "name": "project",
      "provider": "provider[\"registry.terraform.io/hashicorp/google\"]",
      "instances": [
        {
          "schema_version": 0,
          "attributes": {
            "auto_create_network": null,
            "billing_account": "01CF23-2FC67A-F85711",
            "deletion_policy": "DELETE",
            "effective_labels": {},
            "folder_id": "",
            "id": "projects/kubernetes-gke-practice-488210",
            "labels": {},
            "name": "kubernetes-gke-practice",
            "number": "268455520104",
            "org_id": "263370425839",
            "project_id": "kubernetes-gke-practice-488210",
            "skip_delete": null,
            "terraform_labels": {}
          },
          "sensitive_attributes": [],
          "identity_schema_version": 0
        }
      ]
    },
    {
      "mode": "managed",
      "type": "google_artifact_registry_repository",
      "name": "app",
      "provider": "provider[\"registry.terraform.io/hashicorp/google\"]",
      "instances": [
        {
          "schema_version": 0,
          "attributes": {
            "cleanup_policies": [],
            "cleanup_policy_dry_run": false,
            "create_time": "2026-02-22T15:02:02.163264Z",
            "description": "Docker images for the demo app",
            "docker_config": [],
            "effective_labels": {},
            "format": "DOCKER",
            "id": "projects/kubernetes-gke-practice-488210/locations/us-central1/repositories/demo-app",
            "kms_key_name": "",
            "labels": null,
            "location": "us-central1",
            "maven_config": [],
            "mode": "STANDARD_REPOSITORY",
            "name": "demo-app",
            "project": "kubernetes-gke-practice-488210",
            "remote_repository_config": [],
            "repository_id": "demo-app",
            "terraform_labels": {},
            "timeouts": null,
            "update_time": "2026-02-22T15:02:02.163264Z",
            "virtual_repository_config": []
          },
          "sensitive_attributes": [],
          "identity_schema_version": 0,
          "private": "eyJlMmJmYjczMC1lY2FhLTExZTYtOGY4OC0zNDM2M2JjN2M0YzAiOnsiY3JlYXRlIjoxMjAwMDAwMDAwMDAwLCJkZWxldGUiOjEyMDAwMDAwMDAwMDAsInVwZGF0ZSI6MTIwMDAwMDAwMDAwMH19"
        }
      ]
    },
    {
      "mode": "managed",
      "type": "google_container_cluster",
      "name": "primary",
      "provider": "provider[\"registry.terraform.io/hashicorp/google\"]",
      "instances": [
        {
          "schema_version": 2,
          "attributes": {
            "addons_config": [
              {
                "cloudrun_config": [],
                "config_connector_config": [],
                "dns_cache_config": [
                  {
                    "enabled": true
                  }
                ],
                "gce_persistent_disk_csi_driver_config": [
                  {
                    "enabled": true
                  }
                ],
                "gcp_filestore_csi_driver_config": [],
                "gcs_fuse_csi_driver_config": [],
                "gke_backup_agent_config": [],
                "horizontal_pod_autoscaling": [],
                "http_load_balancing": [],
                "network_policy_config": [
                  {
                    "disabled": true
                  }
                ],
                "ray_operator_config": [],
                "stateful_ha_config": []
              }
            ],
            "allow_net_admin": null,
            "authenticator_groups_config": [],
            "binary_authorization": [
              {
                "enabled": false,
                "evaluation_mode": ""
              }
            ],
            "cluster_autoscaling": [
              {
                "auto_provisioning_defaults": [],
                "auto_provisioning_locations": [],
                "autoscaling_profile": "BALANCED",
                "enabled": false,
                "resource_limits": []
              }
            ],
            "cluster_ipv4_cidr": "10.36.0.0/14",
            "confidential_nodes": [],
            "cost_management_config": [],
            "database_encryption": [
              {
                "key_name": "",
                "state": "DECRYPTED"
              }
            ],
            "datapath_provider": "",
            "default_max_pods_per_node": 110,
            "default_snat_status": [
              {
                "disabled": false
              }
            ],
            "deletion_protection": false,
            "description": "",
            "dns_config": [],
            "enable_autopilot": false,
            "enable_cilium_clusterwide_network_policy": false,
            "enable_intranode_visibility": false,
            "enable_k8s_beta_apis": [],
            "enable_kubernetes_alpha": false,
            "enable_l4_ilb_subsetting": false,
            "enable_legacy_abac": false,
            "enable_multi_networking": false,
            "enable_shielded_nodes": true,
            "enable_tpu": false,
            "endpoint": "34.56.251.99",
            "fleet": [],
            "gateway_api_config": [],
            "id": "projects/kubernetes-gke-practice-488210/locations/us-central1/clusters/demo-cluster",
            "identity_service_config": [],
            "initial_node_count": 1,
            "ip_allocation_policy": [
              {
                "additional_pod_ranges_config": [],
                "cluster_ipv4_cidr_block": "10.36.0.0/14",
                "cluster_secondary_range_name": "gke-demo-cluster-pods-5c104c4c",
                "pod_cidr_overprovision_config": [
                  {
                    "disabled": false
                  }
                ],
                "services_ipv4_cidr_block": "34.118.224.0/20",
                "services_secondary_range_name": "",
                "stack_type": "IPV4"
              }
            ],
            "label_fingerprint": "a9dc16a7",
            "location": "us-central1",
            "logging_config": [
              {
                "enable_components": [
                  "SYSTEM_COMPONENTS",
                  "WORKLOADS"
                ]
              }
            ],
            "logging_service": "logging.googleapis.com/kubernetes",
            "maintenance_policy": [],
            "master_auth": [
              {
                "client_certificate": "",
                "client_certificate_config": [
                  {
                    "issue_client_certificate": false
                  }
                ],
                "client_key": "",
                "cluster_ca_certificate": "LS0tLS1CRUdJTiBDRVJUSUZJQ0FURS0tLS0tCk1JSUVMRENDQXBTZ0F3SUJBZ0lRSFowV0tYQ2s0Z3JNdWs1VjZ6QXBFakFOQmdrcWhraUc5dzBCQVFzRkFEQXYKTVMwd0t3WURWUVFERXlSa1l6RXpaV0ZrTXkxbU9UaGtMVFF4TlRVdFltUXdPUzB6T0dJeE56RTRNakE1T0RVdwpJQmNOTWpZd01qSXlNVFF3TWpBMFdoZ1BNakExTmpBeU1UVXhOVEF5TURSYU1DOHhMVEFyQmdOVkJBTVRKR1JqCk1UTmxZV1F6TFdZNU9HUXROREUxTlMxaVpEQTVMVE00WWpFM01UZ3lNRGs0TlRDQ0FhSXdEUVlKS29aSWh2Y04KQVFFQkJRQURnZ0dQQURDQ0FZb0NnZ0dCQUxmYjhpY3hmdFhPaVl2YTgzR2haMU53VlJVUEIwT044b253T0t2WgpNV0dmN0xNc2V3blA2SndlSUpzaU1ZSllheEFyS3dwTHZ0L1pteE1SNVQ3TWlxdTlYbTdtWlVOeWszTnVaYlF4CkJpYVZvK1Z3c1lBYTJaTGVNZTRVK2srdVRXUVByZVZWK1VSUVZncVFDM1BzdzlwUG12OWxqS3F4bW9jZ1RNSEgKdE96dzVWNTVCcytCcGcxMllTM1JSNURuc2FQOVMzT0UrRHRkMDlnYnhKdElvZ1R0aDNwb3hOdUJWRUt1eFFjNgorWUV3NnJvcEZRK2NZdDZmeWtWZzlUZnpVanZMdDM1ajloMmRjdDJ6Rk0xVlVIeGo0TERJb3A0cUFwdUo4bU9GCkpYM1lFVUszTW8yWW1NQ21XOEN2MEUyMHBlV2w0ZS80QXVORGtmc3hKZlJtS3RET2I3aTBhQWRpa01TYXhIYU0KSTlMUzV5NlBpRnJqWW5Wa3gyVmxVOTBYY1V5NUFCQWlOclc4SmxoZVZ0WXNLaUtKU2F6OXIrYzJnVVFxczNhNApjMTBmNkU1TmNTcmVMUzBwam5VKzRsV1J4WGdYRVlZR0pzWVFNVFdVMDBwTU1lRG5ZQWptdm04Y0xCMXVpQTBaCithMTNhQzBjYUlOWlZCQ3hYaFcrNEUzTmVRSURBUUFCbzBJd1FEQU9CZ05WSFE4QkFmOEVCQU1DQWdRd0R3WUQKVlIwVEFRSC9CQVV3QXdFQi96QWRCZ05WSFE0RUZnUVVaK0hNOGExSTZMbDZ0S3YzNmlKK0RtbmJ2b1V3RFFZSgpLb1pJaHZjTkFRRUxCUUFEZ2dHQkFLZ2dsY2JHSUdENEZRVWc1Ri83TXI0UEE0ZWMxNWxzOFp2MTYwSWpPbXlBCkVlZzVjTThYVGcxYmx2Q1NEcWJJM2k1Rnl1V1gvcmQ0S2l5L1BKNjIxS0ZUdGs0dGF0WmNvdzlSSUtLNXE4TFYKVUJ6Vnp5bXpZbmNRRUdzYzVaVFdXbW1oNFFNSHhveC9WbU5DVlY2eWFkZDZHNUpmZkV0WDdRcjBvbTVsRUhUcQpka0JXQkdtYk4zZUx4TGtlS2Z6STEvNERtdVRQckNEN2dERG8vdzEwTTJ5bGtQY2YzdVYzbG5NOFFXV1YxaHJHCksrMldBU2lhaVk5c1NWcDJqckxpSHhpd2lHQTVmN1ZaZGYxcDF0dGxxUk1jNE9Xc0V3MTZVMnNXTnpQM3k1cTkKRHBtY2MyQTJDcW96cmxHanAzZWJuMFZmMzRnZ1JpVUJlMWwwUE0ydTVHRVZMS3o1TUI1a3FHM1ptcTY4NC9mOAoyV3pTcXAwK3ZBbkt5Q0JSNmFVUlc4NWxKaFo3b2UxV0Q1VWRBZGF1NEhsLy8vWlZobC9GSytrTE55Y3lSUS9BCjU1SzZSbWM1RUlPK2xyYVkrZWtpb0hXZWhBS2d2emlqY2VIZEt6SW96S3NZMG5yOHo1L2FXMGRKdklGN2VsY1MKOGQrTGdhNmR4Nm83cDJtT3VPbzdRZz09Ci0tLS0tRU5EIENFUlRJRklDQVRFLS0tLS0K"
              }
            ],
            "master_authorized_networks_config": [],
            "master_version": "1.34.3-gke.1051003",
            "mesh_certificates": [],
            "min_master_version": null,
            "monitoring_config": [
              {
                "advanced_datapath_observability_config": [
                  {
                    "enable_metrics": false,
                    "enable_relay": false,
                    "relay_mode": "DISABLED"
                  }
                ],
                "enable_components": [
                  "SYSTEM_COMPONENTS",
                  "POD",
                  "DAEMONSET",
                  "DEPLOYMENT",
                  "STATEFULSET",
                  "JOBSET",
                  "STORAGE",
                  "HPA",
                  "CADVISOR",
                  "KUBELET",
                  "DCGM"
                ],
                "managed_prometheus": [
                  {
                    "enabled": true
                  }
                ]
              }
            ],
            "monitoring_service": "monitoring.googleapis.com/kubernetes",
            "name": "demo-cluster",
            "network": "projects/kubernetes-gke-practice-488210/global/networks/default",
            "network_policy": [
              {
                "enabled": false,
                "provider": "PROVIDER_UNSPECIFIED"
              }
            ],
            "networking_mode": "VPC_NATIVE",
            "node_config": [
              {
                "advanced_machine_features": [],
                "boot_disk_kms_key": "",
                "confidential_nodes": [],
                "containerd_config": [],
                "disk_size_gb": 20,
                "disk_type": "pd-standard",
                "effective_taints": [],
                "enable_confidential_storage": false,
                "ephemeral_storage_local_ssd_config": [],
                "fast_socket": [],
                "gcfs_config": [],
                "guest_accelerator": [],
                "gvnic": [],
                "host_maintenance_policy": [],
                "image_type": "COS_CONTAINERD",
                "kubelet_config": [
                  {
                    "cpu_cfs_quota": false,
                    "cpu_cfs_quota_period": "",
                    "cpu_manager_policy": "",
                    "insecure_kubelet_readonly_port_enabled": "FALSE",
                    "pod_pids_limit": 0
                  }
                ],
                "labels": {
                  "env": "demo"
                },
                "linux_node_config": [],
                "local_nvme_ssd_block_config": [],
                "local_ssd_count": 0,
                "logging_variant": "DEFAULT",
                "machine_type": "e2-medium",
                "metadata": {
                  "disable-legacy-endpoints": "true"
                },
                "min_cpu_platform": "",
                "node_group": "",
                "oauth_scopes": [
                  "https://www.googleapis.com/auth/cloud-platform"
                ],
                "preemptible": false,
                "reservation_affinity": [],
                "resource_labels": {
                  "goog-gke-node-pool-provisioning-model": "on-demand"
                },
                "resource_manager_tags": null,
                "secondary_boot_disks": [],
                "service_account": "default",
                "shielded_instance_config": [
                  {
                    "enable_integrity_monitoring": true,
                    "enable_secure_boot": false
                  }
                ],
                "sole_tenant_config": [],
                "spot": false,
                "tags": null,
                "taint": [],
                "workload_metadata_config": [
                  {
                    "mode": "GKE_METADATA"
                  }
                ]
              }
            ],
            "node_locations": [
              "us-central1-a",
              "us-central1-b",
              "us-central1-c"
            ],
            "node_pool": [
              {
                "autoscaling": [],
                "initial_node_count": 1,
                "instance_group_urls": [
                  "https://www.googleapis.com/compute/v1/projects/kubernetes-gke-practice-488210/zones/us-central1-c/instanceGroupManagers/gke-demo-cluster-default-pool-18c4acc6-grp",
                  "https://www.googleapis.com/compute/v1/projects/kubernetes-gke-practice-488210/zones/us-central1-a/instanceGroupManagers/gke-demo-cluster-default-pool-4e6fada0-grp",
                  "https://www.googleapis.com/compute/v1/projects/kubernetes-gke-practice-488210/zones/us-central1-b/instanceGroupManagers/gke-demo-cluster-default-pool-1f643285-grp"
                ],
                "managed_instance_group_urls": [
                  "https://www.googleapis.com/compute/v1/projects/kubernetes-gke-practice-488210/zones/us-central1-c/instanceGroups/gke-demo-cluster-default-pool-18c4acc6-grp",
                  "https://www.googleapis.com/compute/v1/projects/kubernetes-gke-practice-488210/zones/us-central1-a/instanceGroups/gke-demo-cluster-default-pool-4e6fada0-grp",
                  "https://www.googleapis.com/compute/v1/projects/kubernetes-gke-practice-488210/zones/us-central1-b/instanceGroups/gke-demo-cluster-default-pool-1f643285-grp"
                ],
                "management": [
                  {
                    "auto_repair": true,
                    "auto_upgrade": true
                  }
                ],
                "max_pods_per_node": 110,
                "name": "default-pool",
                "name_prefix": "",
                "network_config": [
                  {
                    "additional_node_network_configs": [],
                    "additional_pod_network_configs": [],
                    "create_pod_range": false,
                    "enable_private_nodes": false,
                    "network_performance_config": [],
                    "pod_cidr_overprovision_config": [],
                    "pod_ipv4_cidr_block": "10.36.0.0/14",
                    "pod_range": "gke-demo-cluster-pods-5c104c4c"
                  }
                ],
                "node_config": [
                  {
                    "advanced_machine_features": [],
                    "boot_disk_kms_key": "",
                    "confidential_nodes": [],
                    "containerd_config": [],
                    "disk_size_gb": 20,
                    "disk_type": "pd-standard",
                    "effective_taints": [],
                    "enable_confidential_storage": false,
                    "ephemeral_storage_local_ssd_config": [],
                    "fast_socket": [],
                    "gcfs_config": [],
                    "guest_accelerator": [],
                    "gvnic": [],
                    "host_maintenance_policy": [],
                    "image_type": "COS_CONTAINERD",
                    "kubelet_config": [
                      {
                        "cpu_cfs_quota": false,
                        "cpu_cfs_quota_period": "",
                        "cpu_manager_policy": "",
                        "insecure_kubelet_readonly_port_enabled": "FALSE",
                        "pod_pids_limit": 0
                      }
                    ],
                    "labels": {
                      "env": "demo"
                    },
                    "linux_node_config": [],
                    "local_nvme_ssd_block_config": [],
                    "local_ssd_count": 0,
                    "logging_variant": "DEFAULT",
                    "machine_type": "e2-medium",
                    "metadata": {
                      "disable-legacy-endpoints": "true"
                    },
                    "min_cpu_platform": "",
                    "node_group": "",
                    "oauth_scopes": [
                      "https://www.googleapis.com/auth/cloud-platform"
                    ],
                    "preemptible": false,
                    "reservation_affinity": [],
                    "resource_labels": {
                      "goog-gke-node-pool-provisioning-model": "on-demand"
                    },
                    "resource_manager_tags": {},
                    "secondary_boot_disks": [],
                    "service_account": "default",
                    "shielded_instance_config": [
                      {
                        "enable_integrity_monitoring": true,
                        "enable_secure_boot": false
                      }
                    ],
                    "sole_tenant_config": [],
                    "spot": false,
                    "tags": [],
                    "taint": [],
                    "workload_metadata_config": [
                      {
                        "mode": "GKE_METADATA"
                      }
                    ]
                  }
                ],
                "node_count": 1,
                "node_locations": [
                  "us-central1-a",
                  "us-central1-b",
                  "us-central1-c"
                ],
                "placement_policy": [],
                "queued_provisioning": [],
                "upgrade_settings": [
                  {
                    "blue_green_settings": [],
                    "max_surge": 1,
                    "max_unavailable": 0,
                    "strategy": "SURGE"
                  }
                ],
                "version": "1.34.3-gke.1051003"
              }
            ],
            "node_pool_auto_config": [
              {
                "network_tags": [],
                "node_kubelet_config": [
                  {
                    "insecure_kubelet_readonly_port_enabled": "FALSE"
                  }
                ],
                "resource_manager_tags": {}
              }
            ],
            "node_pool_defaults": [
              {
                "node_config_defaults": [
                  {
                    "containerd_config": [],
                    "insecure_kubelet_readonly_port_enabled": "FALSE",
                    "logging_variant": "DEFAULT"
                  }
                ]
              }
            ],
            "node_version": "1.34.3-gke.1051003",
            "notification_config": [
              {
                "pubsub": [
                  {
                    "enabled": false,
                    "filter": [],
                    "topic": ""
                  }
                ]
              }
            ],
            "operation": null,
            "private_cluster_config": [
              {
                "enable_private_endpoint": false,
                "enable_private_nodes": false,
                "master_global_access_config": [
                  {
                    "enabled": false
                  }
                ],
                "master_ipv4_cidr_block": "",
                "peering_name": "",
                "private_endpoint": "10.128.0.34",
                "private_endpoint_subnetwork": "",
                "public_endpoint": "34.56.251.99"
              }
            ],
            "private_ipv6_google_access": "",
            "project": "kubernetes-gke-practice-488210",
            "release_channel": [
              {
                "channel": "REGULAR"
              }
            ],
            "remove_default_node_pool": null,
            "resource_labels": null,
            "resource_usage_export_config": [],
            "security_posture_config": [
              {
                "mode": "BASIC",
                "vulnerability_mode": "VULNERABILITY_MODE_UNSPECIFIED"
              }
            ],
            "self_link": "https://container.googleapis.com/v1/projects/kubernetes-gke-practice-488210/locations/us-central1/clusters/demo-cluster",
            "service_external_ips_config": [
              {
                "enabled": false
              }
            ],
            "services_ipv4_cidr": "34.118.224.0/20",
            "subnetwork": "projects/kubernetes-gke-practice-488210/regions/us-central1/subnetworks/default",
            "timeouts": null,
            "tpu_ipv4_cidr_block": "",
            "vertical_pod_autoscaling": [],
            "workload_identity_config": [
              {
                "workload_pool": "kubernetes-gke-practice-488210.svc.id.goog"
              }
            ]
          },
          "sensitive_attributes": [
            [
              {
                "type": "get_attr",
                "value": "master_auth"
              },
              {
                "type": "index",
                "value": {
                  "value": 0,
                  "type": "number"
                }
              },
              {
                "type": "get_attr",
                "value": "client_key"
              }
            ]
          ],
          "identity_schema_version": 0,
          "private": "eyJlMmJmYjczMC1lY2FhLTExZTYtOGY4OC0zNDM2M2JjN2M0YzAiOnsiY3JlYXRlIjoyNDAwMDAwMDAwMDAwLCJkZWxldGUiOjI0MDAwMDAwMDAwMDAsInJlYWQiOjI0MDAwMDAwMDAwMDAsInVwZGF0ZSI6MzYwMDAwMDAwMDAwMH0sInNjaGVtYV92ZXJzaW9uIjoiMiJ9"
        }
      ]
    },
    {
      "mode": "managed",
      "type": "google_monitoring_alert_policy",
      "name": "pod_restarts",
      "provider": "provider[\"registry.terraform.io/hashicorp/google\"]",
      "instances": [
        {
          "schema_version": 0,
          "attributes": {
            "alert_strategy": [],
            "combiner": "OR",
            "conditions": [
              {
                "condition_absent": [],
                "condition_matched_log": [],
                "condition_monitoring_query_language": [],
                "condition_prometheus_query_language": [],
                "condition_threshold": [
                  {
                    "aggregations": [
                      {
                        "alignment_period": "60s",
                        "cross_series_reducer": "",
                        "group_by_fields": null,
                        "per_series_aligner": "ALIGN_RATE"
                      }
                    ],
                    "comparison": "COMPARISON_GT",
                    "denominator_aggregations": [],
                    "denominator_filter": "",
                    "duration": "600s",
                    "evaluation_missing_data": "",
                    "filter": "metric.type=\"kubernetes.io/container/restart_count\" resource.type=\"k8s_container\" resource.label.cluster_name=\"demo-cluster\"",
                    "forecast_options": [],
                    "threshold_value": 5,
                    "trigger": []
                  }
                ],
                "display_name": "Pod restart count \u003e 5 in 10 min",
                "name": "projects/kubernetes-gke-practice-488210/alertPolicies/17145733285827461756/conditions/17145733285827461841"
              }
            ],
            "creation_record": [
              {
                "mutate_time": "2026-02-22T15:02:02.583296761Z",
                "mutated_by": "kasuchandu14@gmail.com"
              }
            ],
            "display_name": "Demo App — High Restart Rate",
            "documentation": [],
            "enabled": true,
            "id": "projects/kubernetes-gke-practice-488210/alertPolicies/17145733285827461756",
            "name": "projects/kubernetes-gke-practice-488210/alertPolicies/17145733285827461756",
            "notification_channels": [
              "projects/kubernetes-gke-practice-488210/notificationChannels/3036169690908306299"
            ],
            "project": "kubernetes-gke-practice-488210",
            "severity": "",
            "timeouts": null,
            "user_labels": null
          },
          "sensitive_attributes": [],
          "identity_schema_version": 0,
          "private": "eyJlMmJmYjczMC1lY2FhLTExZTYtOGY4OC0zNDM2M2JjN2M0YzAiOnsiY3JlYXRlIjoxMjAwMDAwMDAwMDAwLCJkZWxldGUiOjEyMDAwMDAwMDAwMDAsInVwZGF0ZSI6MTIwMDAwMDAwMDAwMH19",
          "dependencies": [
            "google_monitoring_notification_channel.email"
          ]
        }
      ]
    },
    {
      "mode": "managed",
      "type": "google_monitoring_alert_policy",
      "name": "uptime_failure",
      "provider": "provider[\"registry.terraform.io/hashicorp/google\"]",
      "instances": [
        {
          "schema_version": 0,
          "attributes": {
            "alert_strategy": [
              {
                "auto_close": "1800s",
                "notification_channel_strategy": [],
                "notification_rate_limit": []
              }
            ],
            "combiner": "OR",
            "conditions": [
              {
                "condition_absent": [],
                "condition_matched_log": [],
                "condition_monitoring_query_language": [],
                "condition_prometheus_query_language": [],
                "condition_threshold": [
                  {
                    "aggregations": [
                      {
                        "alignment_period": "60s",
                        "cross_series_reducer": "",
                        "group_by_fields": null,
                        "per_series_aligner": "ALIGN_FRACTION_TRUE"
                      }
                    ],
                    "comparison": "COMPARISON_LT",
                    "denominator_aggregations": [],
                    "denominator_filter": "",
                    "duration": "120s",
                    "evaluation_missing_data": "",
                    "filter": "metric.type=\"monitoring.googleapis.com/uptime_check/check_passed\" resource.type=\"uptime_url\"",
                    "forecast_options": [],
                    "threshold_value": 1,
                    "trigger": []
                  }
                ],
                "display_name": "Uptime check failed",
                "name": "projects/kubernetes-gke-practice-488210/alertPolicies/17499066582112971897/conditions/17499066582112970002"
              }
            ],
            "creation_record": [
              {
                "mutate_time": "2026-02-22T15:02:04.769777422Z",
                "mutated_by": "kasuchandu14@gmail.com"
              }
            ],
            "display_name": "Demo App Down",
            "documentation": [],
            "enabled": true,
            "id": "projects/kubernetes-gke-practice-488210/alertPolicies/17499066582112971897",
            "name": "projects/kubernetes-gke-practice-488210/alertPolicies/17499066582112971897",
            "notification_channels": [
              "projects/kubernetes-gke-practice-488210/notificationChannels/3036169690908306299"
            ],
            "project": "kubernetes-gke-practice-488210",
            "severity": "",
            "timeouts": null,
            "user_labels": null
          },
          "sensitive_attributes": [],
          "identity_schema_version": 0,
          "private": "eyJlMmJmYjczMC1lY2FhLTExZTYtOGY4OC0zNDM2M2JjN2M0YzAiOnsiY3JlYXRlIjoxMjAwMDAwMDAwMDAwLCJkZWxldGUiOjEyMDAwMDAwMDAwMDAsInVwZGF0ZSI6MTIwMDAwMDAwMDAwMH19",
          "dependencies": [
            "google_monitoring_notification_channel.email"
          ]
        }
      ]
    },
    {
      "mode": "managed",
      "type": "google_monitoring_notification_channel",
      "name": "email",
      "provider": "provider[\"registry.terraform.io/hashicorp/google\"]",
      "instances": [
        {
          "schema_version": 0,
          "attributes": {
            "description": "",
            "display_name": "Demo App Alerts",
            "enabled": true,
            "force_delete": false,
            "id": "projects/kubernetes-gke-practice-488210/notificationChannels/3036169690908306299",
            "labels": {
              "email_address": "chanderazure@gmail.com"
            },
            "name": "projects/kubernetes-gke-practice-488210/notificationChannels/3036169690908306299",
            "project": "kubernetes-gke-practice-488210",
            "sensitive_labels": [],
            "timeouts": null,
            "type": "email",
            "user_labels": null,
            "verification_status": ""
          },
          "sensitive_attributes": [],
          "identity_schema_version": 0,
          "private": "eyJlMmJmYjczMC1lY2FhLTExZTYtOGY4OC0zNDM2M2JjN2M0YzAiOnsiY3JlYXRlIjoxMjAwMDAwMDAwMDAwLCJkZWxldGUiOjEyMDAwMDAwMDAwMDAsInVwZGF0ZSI6MTIwMDAwMDAwMDAwMH19"
        }
      ]
    },
    {
      "mode": "managed",
      "type": "google_monitoring_uptime_check_config",
      "name": "app_health",
      "provider": "provider[\"registry.terraform.io/hashicorp/google\"]",
      "instances": [
        {
          "schema_version": 0,
          "attributes": {
            "checker_type": "STATIC_IP_CHECKERS",
            "content_matchers": [],
            "display_name": "demo-app-health",
            "http_check": [
              {
                "accepted_response_status_codes": [],
                "auth_info": [],
                "body": "",
                "content_type": "",
                "custom_content_type": "",
                "headers": {},
                "mask_headers": false,
                "path": "/health",
                "ping_config": [],
                "port": 80,
                "request_method": "GET",
                "service_agent_authentication": [],
                "use_ssl": false,
                "validate_ssl": false
              }
            ],
            "id": "projects/kubernetes-gke-practice-488210/uptimeCheckConfigs/demo-app-health-sP0UanVLiV4",
            "monitored_resource": [
              {
                "labels": {
                  "host": "placeholder.example.com",
                  "project_id": "kubernetes-gke-practice-488210"
                },
                "type": "uptime_url"
              }
            ],
            "name": "projects/kubernetes-gke-practice-488210/uptimeCheckConfigs/demo-app-health-sP0UanVLiV4",
            "period": "60s",
            "project": "kubernetes-gke-practice-488210",
            "resource_group": [],
            "selected_regions": null,
            "synthetic_monitor": [],
            "tcp_check": [],
            "timeout": "10s",
            "timeouts": null,
            "uptime_check_id": "demo-app-health-sP0UanVLiV4",
            "user_labels": null
          },
          "sensitive_attributes": [],
          "identity_schema_version": 0,
          "private": "eyJlMmJmYjczMC1lY2FhLTExZTYtOGY4OC0zNDM2M2JjN2M0YzAiOnsiY3JlYXRlIjoxMjAwMDAwMDAwMDAwLCJkZWxldGUiOjEyMDAwMDAwMDAwMDAsInVwZGF0ZSI6MTIwMDAwMDAwMDAwMH19"
        }
      ]
    },
    {
      "mode": "managed",
      "type": "google_project_iam_member",
      "name": "cloudbuild_ar_writer",
      "provider": "provider[\"registry.terraform.io/hashicorp/google\"]",
      "instances": [
        {
          "schema_version": 0,
          "attributes": {
            "condition": [],
            "etag": "BwZLavACLkw=",
            "id": "kubernetes-gke-practice-488210/roles/artifactregistry.writer/serviceAccount:268455520104@cloudbuild.gserviceaccount.com",
            "member": "serviceAccount:268455520104@cloudbuild.gserviceaccount.com",
            "project": "kubernetes-gke-practice-488210",
            "role": "roles/artifactregistry.writer"
          },
          "sensitive_attributes": [],
          "identity_schema_version": 0,
          "private": "bnVsbA==",
          "dependencies": [
            "data.google_project.project"
          ]
        }
      ]
    },
    {
      "mode": "managed",
      "type": "google_project_iam_member",
      "name": "cloudbuild_gke_developer",
      "provider": "provider[\"registry.terraform.io/hashicorp/google\"]",
      "instances": [
        {
          "schema_version": 0,
          "attributes": {
            "condition": [],
            "etag": "BwZLavACLkw=",
            "id": "kubernetes-gke-practice-488210/roles/container.developer/serviceAccount:268455520104@cloudbuild.gserviceaccount.com",
            "member": "serviceAccount:268455520104@cloudbuild.gserviceaccount.com",
            "project": "kubernetes-gke-practice-488210",
            "role": "roles/container.developer"
          },
          "sensitive_attributes": [],
          "identity_schema_version": 0,
          "private": "bnVsbA==",
          "dependencies": [
            "data.google_project.project"
          ]
        }
      ]
    },
    {
      "mode": "managed",
      "type": "google_project_iam_member",
      "name": "cloudbuild_log_writer",
      "provider": "provider[\"registry.terraform.io/hashicorp/google\"]",
      "instances": [
        {
          "schema_version": 0,
          "attributes": {
            "condition": [],
            "etag": "BwZLavACLkw=",
            "id": "kubernetes-gke-practice-488210/roles/logging.logWriter/serviceAccount:268455520104@cloudbuild.gserviceaccount.com",
            "member": "serviceAccount:268455520104@cloudbuild.gserviceaccount.com",
            "project": "kubernetes-gke-practice-488210",
            "role": "roles/logging.logWriter"
          },
          "sensitive_attributes": [],
          "identity_schema_version": 0,
          "private": "bnVsbA==",
          "dependencies": [
            "data.google_project.project"
          ]
        }
      ]
    }
  ],
  "check_results": null
}
